// !$*UTF8*$!
{
	archiveVersion = 1;
	classes = {
	};
	objectVersion = 55;
	objects = {

/* Begin PBXBuildFile section */
		004247F929C37F8200096292 /* AppDelegate.swift in Sources */ = {isa = PBXBuildFile; fileRef = 004247F829C37F8200096292 /* AppDelegate.swift */; };
		004247FD29C37F8200096292 /* SignInPageViewController.swift in Sources */ = {isa = PBXBuildFile; fileRef = 004247FC29C37F8200096292 /* SignInPageViewController.swift */; };
		0042480029C37F8200096292 /* Main.storyboard in Resources */ = {isa = PBXBuildFile; fileRef = 004247FE29C37F8200096292 /* Main.storyboard */; };
		0042480329C37F8200096292 /* TestStore.xcdatamodeld in Sources */ = {isa = PBXBuildFile; fileRef = 0042480129C37F8200096292 /* TestStore.xcdatamodeld */; };
		0042480529C37F8300096292 /* Assets.xcassets in Resources */ = {isa = PBXBuildFile; fileRef = 0042480429C37F8300096292 /* Assets.xcassets */; };
		0042480829C37F8300096292 /* LaunchScreen.storyboard in Resources */ = {isa = PBXBuildFile; fileRef = 0042480629C37F8300096292 /* LaunchScreen.storyboard */; };
		0042481229C3872E00096292 /* AppCoordinator.swift in Sources */ = {isa = PBXBuildFile; fileRef = 0042481129C3872E00096292 /* AppCoordinator.swift */; };
		0042481429C3874100096292 /* Coordinator.swift in Sources */ = {isa = PBXBuildFile; fileRef = 0042481329C3874100096292 /* Coordinator.swift */; };
		0042481D29C38B6A00096292 /* AdapterViewController.swift in Sources */ = {isa = PBXBuildFile; fileRef = 0042481C29C38B6A00096292 /* AdapterViewController.swift */; };
		0042481F29C3942D00096292 /* SignInPageVC+Constraints.swift in Sources */ = {isa = PBXBuildFile; fileRef = 0042481E29C3942D00096292 /* SignInPageVC+Constraints.swift */; };
		0042482229C3B45700096292 /* LoginViewController.swift in Sources */ = {isa = PBXBuildFile; fileRef = 0042482129C3B45700096292 /* LoginViewController.swift */; };
		0042482529C3B4CB00096292 /* HomeViewController.swift in Sources */ = {isa = PBXBuildFile; fileRef = 0042482429C3B4CB00096292 /* HomeViewController.swift */; };
		0042482829C3B50E00096292 /* ProfileViewController.swift in Sources */ = {isa = PBXBuildFile; fileRef = 0042482729C3B50E00096292 /* ProfileViewController.swift */; };
		0042482B29C3B5F200096292 /* LikeViewController.swift in Sources */ = {isa = PBXBuildFile; fileRef = 0042482A29C3B5F200096292 /* LikeViewController.swift */; };
		0042482E29C3B66900096292 /* BasketViewController.swift in Sources */ = {isa = PBXBuildFile; fileRef = 0042482D29C3B66900096292 /* BasketViewController.swift */; };
		0042483129C3B69600096292 /* ChatViewController.swift in Sources */ = {isa = PBXBuildFile; fileRef = 0042483029C3B69600096292 /* ChatViewController.swift */; };
		0042483429C3B7B100096292 /* TabBarController.swift in Sources */ = {isa = PBXBuildFile; fileRef = 0042483329C3B7B100096292 /* TabBarController.swift */; };
		0042483829C442BE00096292 /* UIColor+extension.swift in Sources */ = {isa = PBXBuildFile; fileRef = 0042483729C442BE00096292 /* UIColor+extension.swift */; };
		0042483A29C4434B00096292 /* AdapterTabBarController.swift in Sources */ = {isa = PBXBuildFile; fileRef = 0042483929C4434B00096292 /* AdapterTabBarController.swift */; };
		0042483C29C4445600096292 /* SignInPageVC+LoginButtonAction.swift in Sources */ = {isa = PBXBuildFile; fileRef = 0042483B29C4445600096292 /* SignInPageVC+LoginButtonAction.swift */; };
		0042483E29C4449600096292 /* SignInPageVC+SignInButtonAction.swift in Sources */ = {isa = PBXBuildFile; fileRef = 0042483D29C4449600096292 /* SignInPageVC+SignInButtonAction.swift */; };
		0042484029C4543C00096292 /* LoginVC+Constraints.swift in Sources */ = {isa = PBXBuildFile; fileRef = 0042483F29C4543C00096292 /* LoginVC+Constraints.swift */; };
		0042484329C45A7C00096292 /* CoreDataManager.swift in Sources */ = {isa = PBXBuildFile; fileRef = 0042484229C45A7C00096292 /* CoreDataManager.swift */; };
		0042484729C45F0E00096292 /* UserData+CoreDataProperties.swift in Sources */ = {isa = PBXBuildFile; fileRef = 0042484529C45F0E00096292 /* UserData+CoreDataProperties.swift */; };
		0042484829C45F0E00096292 /* UserData+CoreDataClass.swift in Sources */ = {isa = PBXBuildFile; fileRef = 0042484629C45F0E00096292 /* UserData+CoreDataClass.swift */; };
		0042484B29C4892E00096292 /* SignInViewModel.swift in Sources */ = {isa = PBXBuildFile; fileRef = 0042484A29C4892E00096292 /* SignInViewModel.swift */; };
		0042484D29C48C9100096292 /* SignInPageVC+saveUserToDB.swift in Sources */ = {isa = PBXBuildFile; fileRef = 0042484C29C48C9100096292 /* SignInPageVC+saveUserToDB.swift */; };
		0042485129C48F3800096292 /* LoginVC+logInButtonAction.swift in Sources */ = {isa = PBXBuildFile; fileRef = 0042485029C48F3800096292 /* LoginVC+logInButtonAction.swift */; };
		0042485429C48F6000096292 /* LoginViewModel.swift in Sources */ = {isa = PBXBuildFile; fileRef = 0042485329C48F6000096292 /* LoginViewModel.swift */; };
		0042485829C70F4100096292 /* LoginVC+eyeButtonAction.swift in Sources */ = {isa = PBXBuildFile; fileRef = 0042485729C70F4100096292 /* LoginVC+eyeButtonAction.swift */; };
		0042485C29C754F400096292 /* String+extension.swift in Sources */ = {isa = PBXBuildFile; fileRef = 0042485B29C754F400096292 /* String+extension.swift */; };
		0042485F29C7553500096292 /* UtilityFunction.swift in Sources */ = {isa = PBXBuildFile; fileRef = 0042485E29C7553500096292 /* UtilityFunction.swift */; };
		3EB483564BD9C0AC1FDDB218 /* Pods_TestStore.framework in Frameworks */ = {isa = PBXBuildFile; fileRef = B201D688A7F0AEEB38C9821C /* Pods_TestStore.framework */; };
/* End PBXBuildFile section */

/* Begin PBXFileReference section */
		004247F529C37F8200096292 /* TestStore.app */ = {isa = PBXFileReference; explicitFileType = wrapper.application; includeInIndex = 0; path = TestStore.app; sourceTree = BUILT_PRODUCTS_DIR; };
		004247F829C37F8200096292 /* AppDelegate.swift */ = {isa = PBXFileReference; lastKnownFileType = sourcecode.swift; path = AppDelegate.swift; sourceTree = "<group>"; };
		004247FC29C37F8200096292 /* SignInPageViewController.swift */ = {isa = PBXFileReference; lastKnownFileType = sourcecode.swift; path = SignInPageViewController.swift; sourceTree = "<group>"; };
		004247FF29C37F8200096292 /* Base */ = {isa = PBXFileReference; lastKnownFileType = file.storyboard; name = Base; path = Base.lproj/Main.storyboard; sourceTree = "<group>"; };
		0042480229C37F8200096292 /* TestStore.xcdatamodel */ = {isa = PBXFileReference; lastKnownFileType = wrapper.xcdatamodel; path = TestStore.xcdatamodel; sourceTree = "<group>"; };
		0042480429C37F8300096292 /* Assets.xcassets */ = {isa = PBXFileReference; lastKnownFileType = folder.assetcatalog; path = Assets.xcassets; sourceTree = "<group>"; };
		0042480729C37F8300096292 /* Base */ = {isa = PBXFileReference; lastKnownFileType = file.storyboard; name = Base; path = Base.lproj/LaunchScreen.storyboard; sourceTree = "<group>"; };
		0042480929C37F8300096292 /* Info.plist */ = {isa = PBXFileReference; lastKnownFileType = text.plist.xml; path = Info.plist; sourceTree = "<group>"; };
		0042481129C3872E00096292 /* AppCoordinator.swift */ = {isa = PBXFileReference; lastKnownFileType = sourcecode.swift; path = AppCoordinator.swift; sourceTree = "<group>"; };
		0042481329C3874100096292 /* Coordinator.swift */ = {isa = PBXFileReference; lastKnownFileType = sourcecode.swift; path = Coordinator.swift; sourceTree = "<group>"; };
		0042481C29C38B6A00096292 /* AdapterViewController.swift */ = {isa = PBXFileReference; lastKnownFileType = sourcecode.swift; path = AdapterViewController.swift; sourceTree = "<group>"; };
		0042481E29C3942D00096292 /* SignInPageVC+Constraints.swift */ = {isa = PBXFileReference; lastKnownFileType = sourcecode.swift; path = "SignInPageVC+Constraints.swift"; sourceTree = "<group>"; };
		0042482129C3B45700096292 /* LoginViewController.swift */ = {isa = PBXFileReference; lastKnownFileType = sourcecode.swift; path = LoginViewController.swift; sourceTree = "<group>"; };
		0042482429C3B4CB00096292 /* HomeViewController.swift */ = {isa = PBXFileReference; lastKnownFileType = sourcecode.swift; path = HomeViewController.swift; sourceTree = "<group>"; };
		0042482729C3B50E00096292 /* ProfileViewController.swift */ = {isa = PBXFileReference; lastKnownFileType = sourcecode.swift; path = ProfileViewController.swift; sourceTree = "<group>"; };
		0042482A29C3B5F200096292 /* LikeViewController.swift */ = {isa = PBXFileReference; lastKnownFileType = sourcecode.swift; path = LikeViewController.swift; sourceTree = "<group>"; };
		0042482D29C3B66900096292 /* BasketViewController.swift */ = {isa = PBXFileReference; lastKnownFileType = sourcecode.swift; path = BasketViewController.swift; sourceTree = "<group>"; };
		0042483029C3B69600096292 /* ChatViewController.swift */ = {isa = PBXFileReference; lastKnownFileType = sourcecode.swift; path = ChatViewController.swift; sourceTree = "<group>"; };
		0042483329C3B7B100096292 /* TabBarController.swift */ = {isa = PBXFileReference; lastKnownFileType = sourcecode.swift; path = TabBarController.swift; sourceTree = "<group>"; };
		0042483729C442BE00096292 /* UIColor+extension.swift */ = {isa = PBXFileReference; lastKnownFileType = sourcecode.swift; path = "UIColor+extension.swift"; sourceTree = "<group>"; };
		0042483929C4434B00096292 /* AdapterTabBarController.swift */ = {isa = PBXFileReference; lastKnownFileType = sourcecode.swift; path = AdapterTabBarController.swift; sourceTree = "<group>"; };
		0042483B29C4445600096292 /* SignInPageVC+LoginButtonAction.swift */ = {isa = PBXFileReference; lastKnownFileType = sourcecode.swift; path = "SignInPageVC+LoginButtonAction.swift"; sourceTree = "<group>"; };
		0042483D29C4449600096292 /* SignInPageVC+SignInButtonAction.swift */ = {isa = PBXFileReference; lastKnownFileType = sourcecode.swift; path = "SignInPageVC+SignInButtonAction.swift"; sourceTree = "<group>"; };
		0042483F29C4543C00096292 /* LoginVC+Constraints.swift */ = {isa = PBXFileReference; lastKnownFileType = sourcecode.swift; path = "LoginVC+Constraints.swift"; sourceTree = "<group>"; };
		0042484229C45A7C00096292 /* CoreDataManager.swift */ = {isa = PBXFileReference; lastKnownFileType = sourcecode.swift; path = CoreDataManager.swift; sourceTree = "<group>"; };
		0042484529C45F0E00096292 /* UserData+CoreDataProperties.swift */ = {isa = PBXFileReference; fileEncoding = 4; lastKnownFileType = sourcecode.swift; path = "UserData+CoreDataProperties.swift"; sourceTree = "<group>"; };
		0042484629C45F0E00096292 /* UserData+CoreDataClass.swift */ = {isa = PBXFileReference; fileEncoding = 4; lastKnownFileType = sourcecode.swift; path = "UserData+CoreDataClass.swift"; sourceTree = "<group>"; };
		0042484A29C4892E00096292 /* SignInViewModel.swift */ = {isa = PBXFileReference; lastKnownFileType = sourcecode.swift; path = SignInViewModel.swift; sourceTree = "<group>"; };
		0042484C29C48C9100096292 /* SignInPageVC+saveUserToDB.swift */ = {isa = PBXFileReference; lastKnownFileType = sourcecode.swift; path = "SignInPageVC+saveUserToDB.swift"; sourceTree = "<group>"; };
		0042485029C48F3800096292 /* LoginVC+logInButtonAction.swift */ = {isa = PBXFileReference; lastKnownFileType = sourcecode.swift; path = "LoginVC+logInButtonAction.swift"; sourceTree = "<group>"; };
		0042485329C48F6000096292 /* LoginViewModel.swift */ = {isa = PBXFileReference; lastKnownFileType = sourcecode.swift; path = LoginViewModel.swift; sourceTree = "<group>"; };
		0042485729C70F4100096292 /* LoginVC+eyeButtonAction.swift */ = {isa = PBXFileReference; lastKnownFileType = sourcecode.swift; path = "LoginVC+eyeButtonAction.swift"; sourceTree = "<group>"; };
		0042485B29C754F400096292 /* String+extension.swift */ = {isa = PBXFileReference; lastKnownFileType = sourcecode.swift; path = "String+extension.swift"; sourceTree = "<group>"; };
		0042485E29C7553500096292 /* UtilityFunction.swift */ = {isa = PBXFileReference; lastKnownFileType = sourcecode.swift; path = UtilityFunction.swift; sourceTree = "<group>"; };
		61D5FC3269DF5F5D4887A3C5 /* Pods-TestStore.debug.xcconfig */ = {isa = PBXFileReference; includeInIndex = 1; lastKnownFileType = text.xcconfig; name = "Pods-TestStore.debug.xcconfig"; path = "Target Support Files/Pods-TestStore/Pods-TestStore.debug.xcconfig"; sourceTree = "<group>"; };
		8E992A35766827659553F18E /* Pods-TestStore.release.xcconfig */ = {isa = PBXFileReference; includeInIndex = 1; lastKnownFileType = text.xcconfig; name = "Pods-TestStore.release.xcconfig"; path = "Target Support Files/Pods-TestStore/Pods-TestStore.release.xcconfig"; sourceTree = "<group>"; };
		B201D688A7F0AEEB38C9821C /* Pods_TestStore.framework */ = {isa = PBXFileReference; explicitFileType = wrapper.framework; includeInIndex = 0; path = Pods_TestStore.framework; sourceTree = BUILT_PRODUCTS_DIR; };
/* End PBXFileReference section */

/* Begin PBXFrameworksBuildPhase section */
		004247F229C37F8200096292 /* Frameworks */ = {
			isa = PBXFrameworksBuildPhase;
			buildActionMask = 2147483647;
			files = (
				3EB483564BD9C0AC1FDDB218 /* Pods_TestStore.framework in Frameworks */,
			);
			runOnlyForDeploymentPostprocessing = 0;
		};
/* End PBXFrameworksBuildPhase section */

/* Begin PBXGroup section */
		004247EC29C37F8200096292 = {
			isa = PBXGroup;
			children = (
				004247F729C37F8200096292 /* TestStore */,
				004247F629C37F8200096292 /* Products */,
				FC223F14E94D6DD4397D647A /* Pods */,
				3DCDAEDD7DB79AE1A2F48CDD /* Frameworks */,
			);
			sourceTree = "<group>";
		};
		004247F629C37F8200096292 /* Products */ = {
			isa = PBXGroup;
			children = (
				004247F529C37F8200096292 /* TestStore.app */,
			);
			name = Products;
			sourceTree = "<group>";
		};
		004247F729C37F8200096292 /* TestStore */ = {
			isa = PBXGroup;
			children = (
				0042484429C45EBE00096292 /* Entity */,
				0042484129C459C900096292 /* CoreDataManager */,
				0042480F29C386F600096292 /* Coordinators */,
				0042481729C3877800096292 /* Models */,
				0042481529C3876400096292 /* Views */,
				0042481629C3876C00096292 /* ViewModels */,
				0042481829C387AE00096292 /* SupportingFiles */,
				0042483529C4426F00096292 /* Helper */,
				0042480929C37F8300096292 /* Info.plist */,
			);
			path = TestStore;
			sourceTree = "<group>";
		};
		0042480F29C386F600096292 /* Coordinators */ = {
			isa = PBXGroup;
			children = (
				0042481129C3872E00096292 /* AppCoordinator.swift */,
				0042481029C3870C00096292 /* Protocols */,
			);
			path = Coordinators;
			sourceTree = "<group>";
		};
		0042481029C3870C00096292 /* Protocols */ = {
			isa = PBXGroup;
			children = (
				0042481329C3874100096292 /* Coordinator.swift */,
			);
			path = Protocols;
			sourceTree = "<group>";
		};
		0042481529C3876400096292 /* Views */ = {
			isa = PBXGroup;
			children = (
				0042481B29C388B800096292 /* SignInPageVC */,
				0042482029C3B43B00096292 /* LoginVC */,
				0042482329C3B4BA00096292 /* HomeVC */,
				0042482929C3B5D400096292 /* LikeVC */,
				0042482C29C3B64100096292 /* BasketVC */,
				0042482F29C3B67B00096292 /* ChatVC */,
				0042482629C3B4FF00096292 /* ProfileVC */,
				0042483229C3B77D00096292 /* TabBarController */,
				0042481A29C3883200096292 /* Protocols */,
				0042481929C387F600096292 /* Storyboards */,
			);
			path = Views;
			sourceTree = "<group>";
		};
		0042481629C3876C00096292 /* ViewModels */ = {
			isa = PBXGroup;
			children = (
				0042485229C48F4C00096292 /* LoginViewModel */,
				0042484929C4890E00096292 /* SignInViewModel */,
			);
			path = ViewModels;
			sourceTree = "<group>";
		};
		0042481729C3877800096292 /* Models */ = {
			isa = PBXGroup;
			children = (
			);
			path = Models;
			sourceTree = "<group>";
		};
		0042481829C387AE00096292 /* SupportingFiles */ = {
			isa = PBXGroup;
			children = (
				004247F829C37F8200096292 /* AppDelegate.swift */,
				0042480429C37F8300096292 /* Assets.xcassets */,
			);
			path = SupportingFiles;
			sourceTree = "<group>";
		};
		0042481929C387F600096292 /* Storyboards */ = {
			isa = PBXGroup;
			children = (
				004247FE29C37F8200096292 /* Main.storyboard */,
				0042480629C37F8300096292 /* LaunchScreen.storyboard */,
			);
			path = Storyboards;
			sourceTree = "<group>";
		};
		0042481A29C3883200096292 /* Protocols */ = {
			isa = PBXGroup;
			children = (
				0042481C29C38B6A00096292 /* AdapterViewController.swift */,
				0042483929C4434B00096292 /* AdapterTabBarController.swift */,
			);
			path = Protocols;
			sourceTree = "<group>";
		};
		0042481B29C388B800096292 /* SignInPageVC */ = {
			isa = PBXGroup;
			children = (
				004247FC29C37F8200096292 /* SignInPageViewController.swift */,
				0042481E29C3942D00096292 /* SignInPageVC+Constraints.swift */,
				0042483B29C4445600096292 /* SignInPageVC+LoginButtonAction.swift */,
				0042483D29C4449600096292 /* SignInPageVC+SignInButtonAction.swift */,
				0042484C29C48C9100096292 /* SignInPageVC+saveUserToDB.swift */,
			);
			path = SignInPageVC;
			sourceTree = "<group>";
		};
		0042482029C3B43B00096292 /* LoginVC */ = {
			isa = PBXGroup;
			children = (
				0042482129C3B45700096292 /* LoginViewController.swift */,
				0042483F29C4543C00096292 /* LoginVC+Constraints.swift */,
				0042485029C48F3800096292 /* LoginVC+logInButtonAction.swift */,
				0042485729C70F4100096292 /* LoginVC+eyeButtonAction.swift */,
			);
			path = LoginVC;
			sourceTree = "<group>";
		};
		0042482329C3B4BA00096292 /* HomeVC */ = {
			isa = PBXGroup;
			children = (
				0042482429C3B4CB00096292 /* HomeViewController.swift */,
			);
			path = HomeVC;
			sourceTree = "<group>";
		};
		0042482629C3B4FF00096292 /* ProfileVC */ = {
			isa = PBXGroup;
			children = (
				0042482729C3B50E00096292 /* ProfileViewController.swift */,
			);
			path = ProfileVC;
			sourceTree = "<group>";
		};
		0042482929C3B5D400096292 /* LikeVC */ = {
			isa = PBXGroup;
			children = (
				0042482A29C3B5F200096292 /* LikeViewController.swift */,
			);
			path = LikeVC;
			sourceTree = "<group>";
		};
		0042482C29C3B64100096292 /* BasketVC */ = {
			isa = PBXGroup;
			children = (
				0042482D29C3B66900096292 /* BasketViewController.swift */,
			);
			path = BasketVC;
			sourceTree = "<group>";
		};
		0042482F29C3B67B00096292 /* ChatVC */ = {
			isa = PBXGroup;
			children = (
				0042483029C3B69600096292 /* ChatViewController.swift */,
			);
			path = ChatVC;
			sourceTree = "<group>";
		};
		0042483229C3B77D00096292 /* TabBarController */ = {
			isa = PBXGroup;
			children = (
				0042483329C3B7B100096292 /* TabBarController.swift */,
			);
			path = TabBarController;
			sourceTree = "<group>";
		};
		0042483529C4426F00096292 /* Helper */ = {
			isa = PBXGroup;
			children = (
				0042485D29C7551700096292 /* UtilityFunction */,
				0042485929C754C000096292 /* Extensions */,
			);
			path = Helper;
			sourceTree = "<group>";
		};
		0042483629C4427F00096292 /* UIColor+extension */ = {
			isa = PBXGroup;
			children = (
				0042483729C442BE00096292 /* UIColor+extension.swift */,
			);
			path = "UIColor+extension";
			sourceTree = "<group>";
		};
		0042484129C459C900096292 /* CoreDataManager */ = {
			isa = PBXGroup;
			children = (
				0042484229C45A7C00096292 /* CoreDataManager.swift */,
				0042480129C37F8200096292 /* TestStore.xcdatamodeld */,
			);
			path = CoreDataManager;
			sourceTree = "<group>";
		};
		0042484429C45EBE00096292 /* Entity */ = {
			isa = PBXGroup;
			children = (
				0042484629C45F0E00096292 /* UserData+CoreDataClass.swift */,
				0042484529C45F0E00096292 /* UserData+CoreDataProperties.swift */,
			);
			path = Entity;
			sourceTree = "<group>";
		};
		0042484929C4890E00096292 /* SignInViewModel */ = {
			isa = PBXGroup;
			children = (
				0042484A29C4892E00096292 /* SignInViewModel.swift */,
			);
			path = SignInViewModel;
			sourceTree = "<group>";
		};
		0042485229C48F4C00096292 /* LoginViewModel */ = {
			isa = PBXGroup;
			children = (
				0042485329C48F6000096292 /* LoginViewModel.swift */,
			);
			path = LoginViewModel;
			sourceTree = "<group>";
		};
		0042485929C754C000096292 /* Extensions */ = {
			isa = PBXGroup;
			children = (
				0042485A29C754D200096292 /* String+extension */,
				0042483629C4427F00096292 /* UIColor+extension */,
			);
			path = Extensions;
			sourceTree = "<group>";
		};
		0042485A29C754D200096292 /* String+extension */ = {
			isa = PBXGroup;
			children = (
				0042485B29C754F400096292 /* String+extension.swift */,
			);
			path = "String+extension";
			sourceTree = "<group>";
		};
		0042485D29C7551700096292 /* UtilityFunction */ = {
			isa = PBXGroup;
			children = (
				0042485E29C7553500096292 /* UtilityFunction.swift */,
			);
			path = UtilityFunction;
			sourceTree = "<group>";
		};
		3DCDAEDD7DB79AE1A2F48CDD /* Frameworks */ = {
			isa = PBXGroup;
			children = (
				B201D688A7F0AEEB38C9821C /* Pods_TestStore.framework */,
			);
			name = Frameworks;
			sourceTree = "<group>";
		};
		FC223F14E94D6DD4397D647A /* Pods */ = {
			isa = PBXGroup;
			children = (
				61D5FC3269DF5F5D4887A3C5 /* Pods-TestStore.debug.xcconfig */,
				8E992A35766827659553F18E /* Pods-TestStore.release.xcconfig */,
			);
			path = Pods;
			sourceTree = "<group>";
		};
/* End PBXGroup section */

/* Begin PBXNativeTarget section */
		004247F429C37F8200096292 /* TestStore */ = {
			isa = PBXNativeTarget;
			buildConfigurationList = 0042480C29C37F8300096292 /* Build configuration list for PBXNativeTarget "TestStore" */;
			buildPhases = (
				6F45ECB6D9D8E6FD81CE092A /* [CP] Check Pods Manifest.lock */,
				004247F129C37F8200096292 /* Sources */,
				004247F229C37F8200096292 /* Frameworks */,
				004247F329C37F8200096292 /* Resources */,
				26B25D7A02BF17CAAB3710BA /* [CP] Embed Pods Frameworks */,
			);
			buildRules = (
			);
			dependencies = (
			);
			name = TestStore;
			productName = TestStore;
			productReference = 004247F529C37F8200096292 /* TestStore.app */;
			productType = "com.apple.product-type.application";
		};
/* End PBXNativeTarget section */

/* Begin PBXProject section */
		004247ED29C37F8200096292 /* Project object */ = {
			isa = PBXProject;
			attributes = {
				BuildIndependentTargetsInParallel = 1;
				LastSwiftUpdateCheck = 1340;
				LastUpgradeCheck = 1340;
				TargetAttributes = {
					004247F429C37F8200096292 = {
						CreatedOnToolsVersion = 13.4;
					};
				};
			};
			buildConfigurationList = 004247F029C37F8200096292 /* Build configuration list for PBXProject "TestStore" */;
			compatibilityVersion = "Xcode 13.0";
			developmentRegion = en;
			hasScannedForEncodings = 0;
			knownRegions = (
				en,
				Base,
			);
			mainGroup = 004247EC29C37F8200096292;
			productRefGroup = 004247F629C37F8200096292 /* Products */;
			projectDirPath = "";
			projectRoot = "";
			targets = (
				004247F429C37F8200096292 /* TestStore */,
			);
		};
/* End PBXProject section */

/* Begin PBXResourcesBuildPhase section */
		004247F329C37F8200096292 /* Resources */ = {
			isa = PBXResourcesBuildPhase;
			buildActionMask = 2147483647;
			files = (
				0042480829C37F8300096292 /* LaunchScreen.storyboard in Resources */,
				0042480529C37F8300096292 /* Assets.xcassets in Resources */,
				0042480029C37F8200096292 /* Main.storyboard in Resources */,
			);
			runOnlyForDeploymentPostprocessing = 0;
		};
/* End PBXResourcesBuildPhase section */

/* Begin PBXShellScriptBuildPhase section */
		26B25D7A02BF17CAAB3710BA /* [CP] Embed Pods Frameworks */ = {
			isa = PBXShellScriptBuildPhase;
			buildActionMask = 2147483647;
			files = (
			);
			inputFileListPaths = (
				"${PODS_ROOT}/Target Support Files/Pods-TestStore/Pods-TestStore-frameworks-${CONFIGURATION}-input-files.xcfilelist",
			);
			name = "[CP] Embed Pods Frameworks";
			outputFileListPaths = (
				"${PODS_ROOT}/Target Support Files/Pods-TestStore/Pods-TestStore-frameworks-${CONFIGURATION}-output-files.xcfilelist",
			);
			runOnlyForDeploymentPostprocessing = 0;
			shellPath = /bin/sh;
			shellScript = "\"${PODS_ROOT}/Target Support Files/Pods-TestStore/Pods-TestStore-frameworks.sh\"\n";
			showEnvVarsInLog = 0;
		};
		6F45ECB6D9D8E6FD81CE092A /* [CP] Check Pods Manifest.lock */ = {
			isa = PBXShellScriptBuildPhase;
			buildActionMask = 2147483647;
			files = (
			);
			inputFileListPaths = (
			);
			inputPaths = (
				"${PODS_PODFILE_DIR_PATH}/Podfile.lock",
				"${PODS_ROOT}/Manifest.lock",
			);
			name = "[CP] Check Pods Manifest.lock";
			outputFileListPaths = (
			);
			outputPaths = (
				"$(DERIVED_FILE_DIR)/Pods-TestStore-checkManifestLockResult.txt",
			);
			runOnlyForDeploymentPostprocessing = 0;
			shellPath = /bin/sh;
			shellScript = "diff \"${PODS_PODFILE_DIR_PATH}/Podfile.lock\" \"${PODS_ROOT}/Manifest.lock\" > /dev/null\nif [ $? != 0 ] ; then\n    # print error to STDERR\n    echo \"error: The sandbox is not in sync with the Podfile.lock. Run 'pod install' or update your CocoaPods installation.\" >&2\n    exit 1\nfi\n# This output is used by Xcode 'outputs' to avoid re-running this script phase.\necho \"SUCCESS\" > \"${SCRIPT_OUTPUT_FILE_0}\"\n";
			showEnvVarsInLog = 0;
		};
/* End PBXShellScriptBuildPhase section */

/* Begin PBXSourcesBuildPhase section */
		004247F129C37F8200096292 /* Sources */ = {
			isa = PBXSourcesBuildPhase;
			buildActionMask = 2147483647;
			files = (
				0042481F29C3942D00096292 /* SignInPageVC+Constraints.swift in Sources */,
				004247FD29C37F8200096292 /* SignInPageViewController.swift in Sources */,
				0042485829C70F4100096292 /* LoginVC+eyeButtonAction.swift in Sources */,
				0042484D29C48C9100096292 /* SignInPageVC+saveUserToDB.swift in Sources */,
				0042484829C45F0E00096292 /* UserData+CoreDataClass.swift in Sources */,
				0042482829C3B50E00096292 /* ProfileViewController.swift in Sources */,
				0042484B29C4892E00096292 /* SignInViewModel.swift in Sources */,
				0042485129C48F3800096292 /* LoginVC+logInButtonAction.swift in Sources */,
				0042481D29C38B6A00096292 /* AdapterViewController.swift in Sources */,
				0042485429C48F6000096292 /* LoginViewModel.swift in Sources */,
				0042484029C4543C00096292 /* LoginVC+Constraints.swift in Sources */,
				0042483C29C4445600096292 /* SignInPageVC+LoginButtonAction.swift in Sources */,
				0042484729C45F0E00096292 /* UserData+CoreDataProperties.swift in Sources */,
				004247F929C37F8200096292 /* AppDelegate.swift in Sources */,
				0042482229C3B45700096292 /* LoginViewController.swift in Sources */,
				0042482E29C3B66900096292 /* BasketViewController.swift in Sources */,
				0042482529C3B4CB00096292 /* HomeViewController.swift in Sources */,
				0042481429C3874100096292 /* Coordinator.swift in Sources */,
				0042483A29C4434B00096292 /* AdapterTabBarController.swift in Sources */,
				0042483129C3B69600096292 /* ChatViewController.swift in Sources */,
				0042481229C3872E00096292 /* AppCoordinator.swift in Sources */,
				0042485F29C7553500096292 /* UtilityFunction.swift in Sources */,
				0042483429C3B7B100096292 /* TabBarController.swift in Sources */,
				0042483829C442BE00096292 /* UIColor+extension.swift in Sources */,
				0042483E29C4449600096292 /* SignInPageVC+SignInButtonAction.swift in Sources */,
				0042485C29C754F400096292 /* String+extension.swift in Sources */,
				0042482B29C3B5F200096292 /* LikeViewController.swift in Sources */,
				0042484329C45A7C00096292 /* CoreDataManager.swift in Sources */,
				0042480329C37F8200096292 /* TestStore.xcdatamodeld in Sources */,
			);
			runOnlyForDeploymentPostprocessing = 0;
		};
/* End PBXSourcesBuildPhase section */

/* Begin PBXVariantGroup section */
		004247FE29C37F8200096292 /* Main.storyboard */ = {
			isa = PBXVariantGroup;
			children = (
				004247FF29C37F8200096292 /* Base */,
			);
			name = Main.storyboard;
			sourceTree = "<group>";
		};
		0042480629C37F8300096292 /* LaunchScreen.storyboard */ = {
			isa = PBXVariantGroup;
			children = (
				0042480729C37F8300096292 /* Base */,
			);
			name = LaunchScreen.storyboard;
			sourceTree = "<group>";
		};
/* End PBXVariantGroup section */

/* Begin XCBuildConfiguration section */
		0042480A29C37F8300096292 /* Debug */ = {
			isa = XCBuildConfiguration;
			buildSettings = {
				ALWAYS_SEARCH_USER_PATHS = NO;
				CLANG_ANALYZER_NONNULL = YES;
				CLANG_ANALYZER_NUMBER_OBJECT_CONVERSION = YES_AGGRESSIVE;
				CLANG_CXX_LANGUAGE_STANDARD = "gnu++17";
				CLANG_ENABLE_MODULES = YES;
				CLANG_ENABLE_OBJC_ARC = YES;
				CLANG_ENABLE_OBJC_WEAK = YES;
				CLANG_WARN_BLOCK_CAPTURE_AUTORELEASING = YES;
				CLANG_WARN_BOOL_CONVERSION = YES;
				CLANG_WARN_COMMA = YES;
				CLANG_WARN_CONSTANT_CONVERSION = YES;
				CLANG_WARN_DEPRECATED_OBJC_IMPLEMENTATIONS = YES;
				CLANG_WARN_DIRECT_OBJC_ISA_USAGE = YES_ERROR;
				CLANG_WARN_DOCUMENTATION_COMMENTS = YES;
				CLANG_WARN_EMPTY_BODY = YES;
				CLANG_WARN_ENUM_CONVERSION = YES;
				CLANG_WARN_INFINITE_RECURSION = YES;
				CLANG_WARN_INT_CONVERSION = YES;
				CLANG_WARN_NON_LITERAL_NULL_CONVERSION = YES;
				CLANG_WARN_OBJC_IMPLICIT_RETAIN_SELF = YES;
				CLANG_WARN_OBJC_LITERAL_CONVERSION = YES;
				CLANG_WARN_OBJC_ROOT_CLASS = YES_ERROR;
				CLANG_WARN_QUOTED_INCLUDE_IN_FRAMEWORK_HEADER = YES;
				CLANG_WARN_RANGE_LOOP_ANALYSIS = YES;
				CLANG_WARN_STRICT_PROTOTYPES = YES;
				CLANG_WARN_SUSPICIOUS_MOVE = YES;
				CLANG_WARN_UNGUARDED_AVAILABILITY = YES_AGGRESSIVE;
				CLANG_WARN_UNREACHABLE_CODE = YES;
				CLANG_WARN__DUPLICATE_METHOD_MATCH = YES;
				COPY_PHASE_STRIP = NO;
				DEBUG_INFORMATION_FORMAT = dwarf;
				ENABLE_STRICT_OBJC_MSGSEND = YES;
				ENABLE_TESTABILITY = YES;
				GCC_C_LANGUAGE_STANDARD = gnu11;
				GCC_DYNAMIC_NO_PIC = NO;
				GCC_NO_COMMON_BLOCKS = YES;
				GCC_OPTIMIZATION_LEVEL = 0;
				GCC_PREPROCESSOR_DEFINITIONS = (
					"DEBUG=1",
					"$(inherited)",
				);
				GCC_WARN_64_TO_32_BIT_CONVERSION = YES;
				GCC_WARN_ABOUT_RETURN_TYPE = YES_ERROR;
				GCC_WARN_UNDECLARED_SELECTOR = YES;
				GCC_WARN_UNINITIALIZED_AUTOS = YES_AGGRESSIVE;
				GCC_WARN_UNUSED_FUNCTION = YES;
				GCC_WARN_UNUSED_VARIABLE = YES;
				IPHONEOS_DEPLOYMENT_TARGET = 15.5;
				MTL_ENABLE_DEBUG_INFO = INCLUDE_SOURCE;
				MTL_FAST_MATH = YES;
				ONLY_ACTIVE_ARCH = YES;
				SDKROOT = iphoneos;
				SWIFT_ACTIVE_COMPILATION_CONDITIONS = DEBUG;
				SWIFT_OPTIMIZATION_LEVEL = "-Onone";
			};
			name = Debug;
		};
		0042480B29C37F8300096292 /* Release */ = {
			isa = XCBuildConfiguration;
			buildSettings = {
				ALWAYS_SEARCH_USER_PATHS = NO;
				CLANG_ANALYZER_NONNULL = YES;
				CLANG_ANALYZER_NUMBER_OBJECT_CONVERSION = YES_AGGRESSIVE;
				CLANG_CXX_LANGUAGE_STANDARD = "gnu++17";
				CLANG_ENABLE_MODULES = YES;
				CLANG_ENABLE_OBJC_ARC = YES;
				CLANG_ENABLE_OBJC_WEAK = YES;
				CLANG_WARN_BLOCK_CAPTURE_AUTORELEASING = YES;
				CLANG_WARN_BOOL_CONVERSION = YES;
				CLANG_WARN_COMMA = YES;
				CLANG_WARN_CONSTANT_CONVERSION = YES;
				CLANG_WARN_DEPRECATED_OBJC_IMPLEMENTATIONS = YES;
				CLANG_WARN_DIRECT_OBJC_ISA_USAGE = YES_ERROR;
				CLANG_WARN_DOCUMENTATION_COMMENTS = YES;
				CLANG_WARN_EMPTY_BODY = YES;
				CLANG_WARN_ENUM_CONVERSION = YES;
				CLANG_WARN_INFINITE_RECURSION = YES;
				CLANG_WARN_INT_CONVERSION = YES;
				CLANG_WARN_NON_LITERAL_NULL_CONVERSION = YES;
				CLANG_WARN_OBJC_IMPLICIT_RETAIN_SELF = YES;
				CLANG_WARN_OBJC_LITERAL_CONVERSION = YES;
				CLANG_WARN_OBJC_ROOT_CLASS = YES_ERROR;
				CLANG_WARN_QUOTED_INCLUDE_IN_FRAMEWORK_HEADER = YES;
				CLANG_WARN_RANGE_LOOP_ANALYSIS = YES;
				CLANG_WARN_STRICT_PROTOTYPES = YES;
				CLANG_WARN_SUSPICIOUS_MOVE = YES;
				CLANG_WARN_UNGUARDED_AVAILABILITY = YES_AGGRESSIVE;
				CLANG_WARN_UNREACHABLE_CODE = YES;
				CLANG_WARN__DUPLICATE_METHOD_MATCH = YES;
				COPY_PHASE_STRIP = NO;
				DEBUG_INFORMATION_FORMAT = "dwarf-with-dsym";
				ENABLE_NS_ASSERTIONS = NO;
				ENABLE_STRICT_OBJC_MSGSEND = YES;
				GCC_C_LANGUAGE_STANDARD = gnu11;
				GCC_NO_COMMON_BLOCKS = YES;
				GCC_WARN_64_TO_32_BIT_CONVERSION = YES;
				GCC_WARN_ABOUT_RETURN_TYPE = YES_ERROR;
				GCC_WARN_UNDECLARED_SELECTOR = YES;
				GCC_WARN_UNINITIALIZED_AUTOS = YES_AGGRESSIVE;
				GCC_WARN_UNUSED_FUNCTION = YES;
				GCC_WARN_UNUSED_VARIABLE = YES;
				IPHONEOS_DEPLOYMENT_TARGET = 15.5;
				MTL_ENABLE_DEBUG_INFO = NO;
				MTL_FAST_MATH = YES;
				SDKROOT = iphoneos;
				SWIFT_COMPILATION_MODE = wholemodule;
				SWIFT_OPTIMIZATION_LEVEL = "-O";
				VALIDATE_PRODUCT = YES;
			};
			name = Release;
		};
		0042480D29C37F8300096292 /* Debug */ = {
			isa = XCBuildConfiguration;
			baseConfigurationReference = 61D5FC3269DF5F5D4887A3C5 /* Pods-TestStore.debug.xcconfig */;
			buildSettings = {
				ASSETCATALOG_COMPILER_APPICON_NAME = AppIcon;
				ASSETCATALOG_COMPILER_GLOBAL_ACCENT_COLOR_NAME = AccentColor;
				CODE_SIGN_STYLE = Automatic;
				CURRENT_PROJECT_VERSION = 1;
				DEVELOPMENT_TEAM = ZJHZJYQRGW;
				GENERATE_INFOPLIST_FILE = YES;
				INFOPLIST_FILE = TestStore/Info.plist;
				INFOPLIST_KEY_UIApplicationSupportsIndirectInputEvents = YES;
				INFOPLIST_KEY_UILaunchStoryboardName = LaunchScreen;
				INFOPLIST_KEY_UISupportedInterfaceOrientations_iPad = "UIInterfaceOrientationPortrait UIInterfaceOrientationPortraitUpsideDown UIInterfaceOrientationLandscapeLeft UIInterfaceOrientationLandscapeRight";
				INFOPLIST_KEY_UISupportedInterfaceOrientations_iPhone = "UIInterfaceOrientationPortrait UIInterfaceOrientationLandscapeLeft UIInterfaceOrientationLandscapeRight";
				LD_RUNPATH_SEARCH_PATHS = (
					"$(inherited)",
					"@executable_path/Frameworks",
				);
				MARKETING_VERSION = 1.0;
				PRODUCT_BUNDLE_IDENTIFIER = FirstProject.playground.TestStore;
				PRODUCT_NAME = "$(TARGET_NAME)";
				SWIFT_EMIT_LOC_STRINGS = YES;
				SWIFT_VERSION = 5.0;
				TARGETED_DEVICE_FAMILY = "1,2";
			};
			name = Debug;
		};
		0042480E29C37F8300096292 /* Release */ = {
			isa = XCBuildConfiguration;
			baseConfigurationReference = 8E992A35766827659553F18E /* Pods-TestStore.release.xcconfig */;
			buildSettings = {
				ASSETCATALOG_COMPILER_APPICON_NAME = AppIcon;
				ASSETCATALOG_COMPILER_GLOBAL_ACCENT_COLOR_NAME = AccentColor;
				CODE_SIGN_STYLE = Automatic;
				CURRENT_PROJECT_VERSION = 1;
				DEVELOPMENT_TEAM = ZJHZJYQRGW;
				GENERATE_INFOPLIST_FILE = YES;
				INFOPLIST_FILE = TestStore/Info.plist;
				INFOPLIST_KEY_UIApplicationSupportsIndirectInputEvents = YES;
				INFOPLIST_KEY_UILaunchStoryboardName = LaunchScreen;
				INFOPLIST_KEY_UISupportedInterfaceOrientations_iPad = "UIInterfaceOrientationPortrait UIInterfaceOrientationPortraitUpsideDown UIInterfaceOrientationLandscapeLeft UIInterfaceOrientationLandscapeRight";
				INFOPLIST_KEY_UISupportedInterfaceOrientations_iPhone = "UIInterfaceOrientationPortrait UIInterfaceOrientationLandscapeLeft UIInterfaceOrientationLandscapeRight";
				LD_RUNPATH_SEARCH_PATHS = (
					"$(inherited)",
					"@executable_path/Frameworks",
				);
				MARKETING_VERSION = 1.0;
				PRODUCT_BUNDLE_IDENTIFIER = FirstProject.playground.TestStore;
				PRODUCT_NAME = "$(TARGET_NAME)";
				SWIFT_EMIT_LOC_STRINGS = YES;
				SWIFT_VERSION = 5.0;
				TARGETED_DEVICE_FAMILY = "1,2";
			};
			name = Release;
		};
/* End XCBuildConfiguration section */

/* Begin XCConfigurationList section */
		004247F029C37F8200096292 /* Build configuration list for PBXProject "TestStore" */ = {
			isa = XCConfigurationList;
			buildConfigurations = (
				0042480A29C37F8300096292 /* Debug */,
				0042480B29C37F8300096292 /* Release */,
			);
			defaultConfigurationIsVisible = 0;
			defaultConfigurationName = Release;
		};
		0042480C29C37F8300096292 /* Build configuration list for PBXNativeTarget "TestStore" */ = {
			isa = XCConfigurationList;
			buildConfigurations = (
				0042480D29C37F8300096292 /* Debug */,
				0042480E29C37F8300096292 /* Release */,
			);
			defaultConfigurationIsVisible = 0;
			defaultConfigurationName = Release;
		};
/* End XCConfigurationList section */

/* Begin XCVersionGroup section */
		0042480129C37F8200096292 /* TestStore.xcdatamodeld */ = {
			isa = XCVersionGroup;
			children = (
				0042480229C37F8200096292 /* TestStore.xcdatamodel */,
			);
			currentVersion = 0042480229C37F8200096292 /* TestStore.xcdatamodel */;
			path = TestStore.xcdatamodeld;
			sourceTree = "<group>";
			versionGroupType = wrapper.xcdatamodel;
		};
/* End XCVersionGroup section */
	};
	rootObject = 004247ED29C37F8200096292 /* Project object */;
}
